// !$*UTF8*$!
{
	archiveVersion = 1;
	classes = {
	};
	objectVersion = 56;
	objects = {

/* Begin PBXBuildFile section */
		E99285992ABA291B0058C592 /* AppDelegate.swift in Sources */ = {isa = PBXBuildFile; fileRef = E99285982ABA291B0058C592 /* AppDelegate.swift */; };
		E992859B2ABA291B0058C592 /* SceneDelegate.swift in Sources */ = {isa = PBXBuildFile; fileRef = E992859A2ABA291B0058C592 /* SceneDelegate.swift */; };
		E992859D2ABA291B0058C592 /* ViewController.swift in Sources */ = {isa = PBXBuildFile; fileRef = E992859C2ABA291B0058C592 /* ViewController.swift */; };
		E99285A02ABA291B0058C592 /* Main.storyboard in Resources */ = {isa = PBXBuildFile; fileRef = E992859E2ABA291B0058C592 /* Main.storyboard */; };
		E99285A22ABA291D0058C592 /* Assets.xcassets in Resources */ = {isa = PBXBuildFile; fileRef = E99285A12ABA291D0058C592 /* Assets.xcassets */; };
		E99285A52ABA291D0058C592 /* LaunchScreen.storyboard in Resources */ = {isa = PBXBuildFile; fileRef = E99285A32ABA291D0058C592 /* LaunchScreen.storyboard */; };
		E99285B02ABA291D0058C592 /* CounterTests.swift in Sources */ = {isa = PBXBuildFile; fileRef = E99285AF2ABA291D0058C592 /* CounterTests.swift */; };
		E99285BA2ABA291D0058C592 /* CounterUITests.swift in Sources */ = {isa = PBXBuildFile; fileRef = E99285B92ABA291D0058C592 /* CounterUITests.swift */; };
		E99285BC2ABA291D0058C592 /* CounterUITestsLaunchTests.swift in Sources */ = {isa = PBXBuildFile; fileRef = E99285BB2ABA291D0058C592 /* CounterUITestsLaunchTests.swift */; };
/* End PBXBuildFile section */

/* Begin PBXContainerItemProxy section */
		E99285AC2ABA291D0058C592 /* PBXContainerItemProxy */ = {
			isa = PBXContainerItemProxy;
			containerPortal = E992858D2ABA291B0058C592 /* Project object */;
			proxyType = 1;
			remoteGlobalIDString = E99285942ABA291B0058C592;
			remoteInfo = Counter;
		};
		E99285B62ABA291D0058C592 /* PBXContainerItemProxy */ = {
			isa = PBXContainerItemProxy;
			containerPortal = E992858D2ABA291B0058C592 /* Project object */;
			proxyType = 1;
			remoteGlobalIDString = E99285942ABA291B0058C592;
			remoteInfo = Counter;
		};
/* End PBXContainerItemProxy section */

/* Begin PBXFileReference section */
		E99285952ABA291B0058C592 /* Counter.app */ = {isa = PBXFileReference; explicitFileType = wrapper.application; includeInIndex = 0; path = Counter.app; sourceTree = BUILT_PRODUCTS_DIR; };
		E99285982ABA291B0058C592 /* AppDelegate.swift */ = {isa = PBXFileReference; lastKnownFileType = sourcecode.swift; path = AppDelegate.swift; sourceTree = "<group>"; };
		E992859A2ABA291B0058C592 /* SceneDelegate.swift */ = {isa = PBXFileReference; lastKnownFileType = sourcecode.swift; path = SceneDelegate.swift; sourceTree = "<group>"; };
		E992859C2ABA291B0058C592 /* ViewController.swift */ = {isa = PBXFileReference; lastKnownFileType = sourcecode.swift; path = ViewController.swift; sourceTree = "<group>"; };
		E992859F2ABA291B0058C592 /* Base */ = {isa = PBXFileReference; lastKnownFileType = file.storyboard; name = Base; path = Base.lproj/Main.storyboard; sourceTree = "<group>"; };
		E99285A12ABA291D0058C592 /* Assets.xcassets */ = {isa = PBXFileReference; lastKnownFileType = folder.assetcatalog; path = Assets.xcassets; sourceTree = "<group>"; };
		E99285A42ABA291D0058C592 /* Base */ = {isa = PBXFileReference; lastKnownFileType = file.storyboard; name = Base; path = Base.lproj/LaunchScreen.storyboard; sourceTree = "<group>"; };
		E99285A62ABA291D0058C592 /* Info.plist */ = {isa = PBXFileReference; lastKnownFileType = text.plist.xml; path = Info.plist; sourceTree = "<group>"; };
		E99285AB2ABA291D0058C592 /* CounterTests.xctest */ = {isa = PBXFileReference; explicitFileType = wrapper.cfbundle; includeInIndex = 0; path = CounterTests.xctest; sourceTree = BUILT_PRODUCTS_DIR; };
		E99285AF2ABA291D0058C592 /* CounterTests.swift */ = {isa = PBXFileReference; lastKnownFileType = sourcecode.swift; path = CounterTests.swift; sourceTree = "<group>"; };
		E99285B52ABA291D0058C592 /* CounterUITests.xctest */ = {isa = PBXFileReference; explicitFileType = wrapper.cfbundle; includeInIndex = 0; path = CounterUITests.xctest; sourceTree = BUILT_PRODUCTS_DIR; };
		E99285B92ABA291D0058C592 /* CounterUITests.swift */ = {isa = PBXFileReference; lastKnownFileType = sourcecode.swift; path = CounterUITests.swift; sourceTree = "<group>"; };
		E99285BB2ABA291D0058C592 /* CounterUITestsLaunchTests.swift */ = {isa = PBXFileReference; lastKnownFileType = sourcecode.swift; path = CounterUITestsLaunchTests.swift; sourceTree = "<group>"; };
/* End PBXFileReference section */

/* Begin PBXFrameworksBuildPhase section */
		E99285922ABA291B0058C592 /* Frameworks */ = {
			isa = PBXFrameworksBuildPhase;
			buildActionMask = 2147483647;
			files = (
			);
			runOnlyForDeploymentPostprocessing = 0;
		};
		E99285A82ABA291D0058C592 /* Frameworks */ = {
			isa = PBXFrameworksBuildPhase;
			buildActionMask = 2147483647;
			files = (
			);
			runOnlyForDeploymentPostprocessing = 0;
		};
		E99285B22ABA291D0058C592 /* Frameworks */ = {
			isa = PBXFrameworksBuildPhase;
			buildActionMask = 2147483647;
			files = (
			);
			runOnlyForDeploymentPostprocessing = 0;
		};
/* End PBXFrameworksBuildPhase section */

/* Begin PBXGroup section */
		E992858C2ABA291B0058C592 = {
			isa = PBXGroup;
			children = (
				E99285972ABA291B0058C592 /* Counter */,
				E99285AE2ABA291D0058C592 /* CounterTests */,
				E99285B82ABA291D0058C592 /* CounterUITests */,
				E99285962ABA291B0058C592 /* Products */,
			);
			sourceTree = "<group>";
		};
		E99285962ABA291B0058C592 /* Products */ = {
			isa = PBXGroup;
			children = (
				E99285952ABA291B0058C592 /* Counter.app */,
				E99285AB2ABA291D0058C592 /* CounterTests.xctest */,
				E99285B52ABA291D0058C592 /* CounterUITests.xctest */,
			);
			name = Products;
			sourceTree = "<group>";
		};
		E99285972ABA291B0058C592 /* Counter */ = {
			isa = PBXGroup;
			children = (
				E99285982ABA291B0058C592 /* AppDelegate.swift */,
				E992859A2ABA291B0058C592 /* SceneDelegate.swift */,
				E992859C2ABA291B0058C592 /* ViewController.swift */,
				E992859E2ABA291B0058C592 /* Main.storyboard */,
				E99285A12ABA291D0058C592 /* Assets.xcassets */,
				E99285A32ABA291D0058C592 /* LaunchScreen.storyboard */,
				E99285A62ABA291D0058C592 /* Info.plist */,
			);
			path = Counter;
			sourceTree = "<group>";
		};
		E99285AE2ABA291D0058C592 /* CounterTests */ = {
			isa = PBXGroup;
			children = (
				E99285AF2ABA291D0058C592 /* CounterTests.swift */,
			);
			path = CounterTests;
			sourceTree = "<group>";
		};
		E99285B82ABA291D0058C592 /* CounterUITests */ = {
			isa = PBXGroup;
			children = (
				E99285B92ABA291D0058C592 /* CounterUITests.swift */,
				E99285BB2ABA291D0058C592 /* CounterUITestsLaunchTests.swift */,
			);
			path = CounterUITests;
			sourceTree = "<group>";
		};
/* End PBXGroup section */

/* Begin PBXNativeTarget section */
		E99285942ABA291B0058C592 /* Counter */ = {
			isa = PBXNativeTarget;
			buildConfigurationList = E99285BF2ABA291D0058C592 /* Build configuration list for PBXNativeTarget "Counter" */;
			buildPhases = (
				E99285912ABA291B0058C592 /* Sources */,
				E99285922ABA291B0058C592 /* Frameworks */,
				E99285932ABA291B0058C592 /* Resources */,
			);
			buildRules = (
			);
			dependencies = (
			);
			name = Counter;
			productName = Counter;
			productReference = E99285952ABA291B0058C592 /* Counter.app */;
			productType = "com.apple.product-type.application";
		};
		E99285AA2ABA291D0058C592 /* CounterTests */ = {
			isa = PBXNativeTarget;
			buildConfigurationList = E99285C22ABA291D0058C592 /* Build configuration list for PBXNativeTarget "CounterTests" */;
			buildPhases = (
				E99285A72ABA291D0058C592 /* Sources */,
				E99285A82ABA291D0058C592 /* Frameworks */,
				E99285A92ABA291D0058C592 /* Resources */,
			);
			buildRules = (
			);
			dependencies = (
				E99285AD2ABA291D0058C592 /* PBXTargetDependency */,
			);
			name = CounterTests;
			productName = CounterTests;
			productReference = E99285AB2ABA291D0058C592 /* CounterTests.xctest */;
			productType = "com.apple.product-type.bundle.unit-test";
		};
		E99285B42ABA291D0058C592 /* CounterUITests */ = {
			isa = PBXNativeTarget;
			buildConfigurationList = E99285C52ABA291D0058C592 /* Build configuration list for PBXNativeTarget "CounterUITests" */;
			buildPhases = (
				E99285B12ABA291D0058C592 /* Sources */,
				E99285B22ABA291D0058C592 /* Frameworks */,
				E99285B32ABA291D0058C592 /* Resources */,
			);
			buildRules = (
			);
			dependencies = (
				E99285B72ABA291D0058C592 /* PBXTargetDependency */,
			);
			name = CounterUITests;
			productName = CounterUITests;
			productReference = E99285B52ABA291D0058C592 /* CounterUITests.xctest */;
			productType = "com.apple.product-type.bundle.ui-testing";
		};
/* End PBXNativeTarget section */

/* Begin PBXProject section */
		E992858D2ABA291B0058C592 /* Project object */ = {
			isa = PBXProject;
			attributes = {
				BuildIndependentTargetsInParallel = 1;
				LastSwiftUpdateCheck = 1430;
				LastUpgradeCheck = 1430;
				TargetAttributes = {
					E99285942ABA291B0058C592 = {
						CreatedOnToolsVersion = 14.3.1;
					};
					E99285AA2ABA291D0058C592 = {
						CreatedOnToolsVersion = 14.3.1;
						TestTargetID = E99285942ABA291B0058C592;
					};
					E99285B42ABA291D0058C592 = {
						CreatedOnToolsVersion = 14.3.1;
						TestTargetID = E99285942ABA291B0058C592;
					};
				};
			};
			buildConfigurationList = E99285902ABA291B0058C592 /* Build configuration list for PBXProject "Counter" */;
			compatibilityVersion = "Xcode 14.0";
			developmentRegion = en;
			hasScannedForEncodings = 0;
			knownRegions = (
				en,
				Base,
			);
			mainGroup = E992858C2ABA291B0058C592;
			productRefGroup = E99285962ABA291B0058C592 /* Products */;
			projectDirPath = "";
			projectRoot = "";
			targets = (
				E99285942ABA291B0058C592 /* Counter */,
				E99285AA2ABA291D0058C592 /* CounterTests */,
				E99285B42ABA291D0058C592 /* CounterUITests */,
			);
		};
/* End PBXProject section */

/* Begin PBXResourcesBuildPhase section */
		E99285932ABA291B0058C592 /* Resources */ = {
			isa = PBXResourcesBuildPhase;
			buildActionMask = 2147483647;
			files = (
				E99285A52ABA291D0058C592 /* LaunchScreen.storyboard in Resources */,
				E99285A22ABA291D0058C592 /* Assets.xcassets in Resources */,
				E99285A02ABA291B0058C592 /* Main.storyboard in Resources */,
			);
			runOnlyForDeploymentPostprocessing = 0;
		};
		E99285A92ABA291D0058C592 /* Resources */ = {
			isa = PBXResourcesBuildPhase;
			buildActionMask = 2147483647;
			files = (
			);
			runOnlyForDeploymentPostprocessing = 0;
		};
		E99285B32ABA291D0058C592 /* Resources */ = {
			isa = PBXResourcesBuildPhase;
			buildActionMask = 2147483647;
			files = (
			);
			runOnlyForDeploymentPostprocessing = 0;
		};
/* End PBXResourcesBuildPhase section */

/* Begin PBXSourcesBuildPhase section */
		E99285912ABA291B0058C592 /* Sources */ = {
			isa = PBXSourcesBuildPhase;
			buildActionMask = 2147483647;
			files = (
				E992859D2ABA291B0058C592 /* ViewController.swift in Sources */,
				E99285992ABA291B0058C592 /* AppDelegate.swift in Sources */,
				E992859B2ABA291B0058C592 /* SceneDelegate.swift in Sources */,
			);
			runOnlyForDeploymentPostprocessing = 0;
		};
		E99285A72ABA291D0058C592 /* Sources */ = {
			isa = PBXSourcesBuildPhase;
			buildActionMask = 2147483647;
			files = (
				E99285B02ABA291D0058C592 /* CounterTests.swift in Sources */,
			);
			runOnlyForDeploymentPostprocessing = 0;
		};
		E99285B12ABA291D0058C592 /* Sources */ = {
			isa = PBXSourcesBuildPhase;
			buildActionMask = 2147483647;
			files = (
				E99285BA2ABA291D0058C592 /* CounterUITests.swift in Sources */,
				E99285BC2ABA291D0058C592 /* CounterUITestsLaunchTests.swift in Sources */,
			);
			runOnlyForDeploymentPostprocessing = 0;
		};
/* End PBXSourcesBuildPhase section */

/* Begin PBXTargetDependency section */
		E99285AD2ABA291D0058C592 /* PBXTargetDependency */ = {
			isa = PBXTargetDependency;
			target = E99285942ABA291B0058C592 /* Counter */;
			targetProxy = E99285AC2ABA291D0058C592 /* PBXContainerItemProxy */;
		};
		E99285B72ABA291D0058C592 /* PBXTargetDependency */ = {
			isa = PBXTargetDependency;
			target = E99285942ABA291B0058C592 /* Counter */;
			targetProxy = E99285B62ABA291D0058C592 /* PBXContainerItemProxy */;
		};
/* End PBXTargetDependency section */

/* Begin PBXVariantGroup section */
		E992859E2ABA291B0058C592 /* Main.storyboard */ = {
			isa = PBXVariantGroup;
			children = (
				E992859F2ABA291B0058C592 /* Base */,
			);
			name = Main.storyboard;
			sourceTree = "<group>";
		};
		E99285A32ABA291D0058C592 /* LaunchScreen.storyboard */ = {
			isa = PBXVariantGroup;
			children = (
				E99285A42ABA291D0058C592 /* Base */,
			);
			name = LaunchScreen.storyboard;
			sourceTree = "<group>";
		};
/* End PBXVariantGroup section */

/* Begin XCBuildConfiguration section */
		E99285BD2ABA291D0058C592 /* Debug */ = {
			isa = XCBuildConfiguration;
			buildSettings = {
				ALWAYS_SEARCH_USER_PATHS = NO;
				CLANG_ANALYZER_NONNULL = YES;
				CLANG_ANALYZER_NUMBER_OBJECT_CONVERSION = YES_AGGRESSIVE;
				CLANG_CXX_LANGUAGE_STANDARD = "gnu++20";
				CLANG_ENABLE_MODULES = YES;
				CLANG_ENABLE_OBJC_ARC = YES;
				CLANG_ENABLE_OBJC_WEAK = YES;
				CLANG_WARN_BLOCK_CAPTURE_AUTORELEASING = YES;
				CLANG_WARN_BOOL_CONVERSION = YES;
				CLANG_WARN_COMMA = YES;
				CLANG_WARN_CONSTANT_CONVERSION = YES;
				CLANG_WARN_DEPRECATED_OBJC_IMPLEMENTATIONS = YES;
				CLANG_WARN_DIRECT_OBJC_ISA_USAGE = YES_ERROR;
				CLANG_WARN_DOCUMENTATION_COMMENTS = YES;
				CLANG_WARN_EMPTY_BODY = YES;
				CLANG_WARN_ENUM_CONVERSION = YES;
				CLANG_WARN_INFINITE_RECURSION = YES;
				CLANG_WARN_INT_CONVERSION = YES;
				CLANG_WARN_NON_LITERAL_NULL_CONVERSION = YES;
				CLANG_WARN_OBJC_IMPLICIT_RETAIN_SELF = YES;
				CLANG_WARN_OBJC_LITERAL_CONVERSION = YES;
				CLANG_WARN_OBJC_ROOT_CLASS = YES_ERROR;
				CLANG_WARN_QUOTED_INCLUDE_IN_FRAMEWORK_HEADER = YES;
				CLANG_WARN_RANGE_LOOP_ANALYSIS = YES;
				CLANG_WARN_STRICT_PROTOTYPES = YES;
				CLANG_WARN_SUSPICIOUS_MOVE = YES;
				CLANG_WARN_UNGUARDED_AVAILABILITY = YES_AGGRESSIVE;
				CLANG_WARN_UNREACHABLE_CODE = YES;
				CLANG_WARN__DUPLICATE_METHOD_MATCH = YES;
				COPY_PHASE_STRIP = NO;
				DEBUG_INFORMATION_FORMAT = dwarf;
				ENABLE_STRICT_OBJC_MSGSEND = YES;
				ENABLE_TESTABILITY = YES;
				GCC_C_LANGUAGE_STANDARD = gnu11;
				GCC_DYNAMIC_NO_PIC = NO;
				GCC_NO_COMMON_BLOCKS = YES;
				GCC_OPTIMIZATION_LEVEL = 0;
				GCC_PREPROCESSOR_DEFINITIONS = (
					"DEBUG=1",
					"$(inherited)",
				);
				GCC_WARN_64_TO_32_BIT_CONVERSION = YES;
				GCC_WARN_ABOUT_RETURN_TYPE = YES_ERROR;
				GCC_WARN_UNDECLARED_SELECTOR = YES;
				GCC_WARN_UNINITIALIZED_AUTOS = YES_AGGRESSIVE;
				GCC_WARN_UNUSED_FUNCTION = YES;
				GCC_WARN_UNUSED_VARIABLE = YES;
				IPHONEOS_DEPLOYMENT_TARGET = 16.4;
				MTL_ENABLE_DEBUG_INFO = INCLUDE_SOURCE;
				MTL_FAST_MATH = YES;
				ONLY_ACTIVE_ARCH = YES;
				SDKROOT = iphoneos;
				SWIFT_ACTIVE_COMPILATION_CONDITIONS = DEBUG;
				SWIFT_OPTIMIZATION_LEVEL = "-Onone";
			};
			name = Debug;
		};
		E99285BE2ABA291D0058C592 /* Release */ = {
			isa = XCBuildConfiguration;
			buildSettings = {
				ALWAYS_SEARCH_USER_PATHS = NO;
				CLANG_ANALYZER_NONNULL = YES;
				CLANG_ANALYZER_NUMBER_OBJECT_CONVERSION = YES_AGGRESSIVE;
				CLANG_CXX_LANGUAGE_STANDARD = "gnu++20";
				CLANG_ENABLE_MODULES = YES;
				CLANG_ENABLE_OBJC_ARC = YES;
				CLANG_ENABLE_OBJC_WEAK = YES;
				CLANG_WARN_BLOCK_CAPTURE_AUTORELEASING = YES;
				CLANG_WARN_BOOL_CONVERSION = YES;
				CLANG_WARN_COMMA = YES;
				CLANG_WARN_CONSTANT_CONVERSION = YES;
				CLANG_WARN_DEPRECATED_OBJC_IMPLEMENTATIONS = YES;
				CLANG_WARN_DIRECT_OBJC_ISA_USAGE = YES_ERROR;
				CLANG_WARN_DOCUMENTATION_COMMENTS = YES;
				CLANG_WARN_EMPTY_BODY = YES;
				CLANG_WARN_ENUM_CONVERSION = YES;
				CLANG_WARN_INFINITE_RECURSION = YES;
				CLANG_WARN_INT_CONVERSION = YES;
				CLANG_WARN_NON_LITERAL_NULL_CONVERSION = YES;
				CLANG_WARN_OBJC_IMPLICIT_RETAIN_SELF = YES;
				CLANG_WARN_OBJC_LITERAL_CONVERSION = YES;
				CLANG_WARN_OBJC_ROOT_CLASS = YES_ERROR;
				CLANG_WARN_QUOTED_INCLUDE_IN_FRAMEWORK_HEADER = YES;
				CLANG_WARN_RANGE_LOOP_ANALYSIS = YES;
				CLANG_WARN_STRICT_PROTOTYPES = YES;
				CLANG_WARN_SUSPICIOUS_MOVE = YES;
				CLANG_WARN_UNGUARDED_AVAILABILITY = YES_AGGRESSIVE;
				CLANG_WARN_UNREACHABLE_CODE = YES;
				CLANG_WARN__DUPLICATE_METHOD_MATCH = YES;
				COPY_PHASE_STRIP = NO;
				DEBUG_INFORMATION_FORMAT = "dwarf-with-dsym";
				ENABLE_NS_ASSERTIONS = NO;
				ENABLE_STRICT_OBJC_MSGSEND = YES;
				GCC_C_LANGUAGE_STANDARD = gnu11;
				GCC_NO_COMMON_BLOCKS = YES;
				GCC_WARN_64_TO_32_BIT_CONVERSION = YES;
				GCC_WARN_ABOUT_RETURN_TYPE = YES_ERROR;
				GCC_WARN_UNDECLARED_SELECTOR = YES;
				GCC_WARN_UNINITIALIZED_AUTOS = YES_AGGRESSIVE;
				GCC_WARN_UNUSED_FUNCTION = YES;
				GCC_WARN_UNUSED_VARIABLE = YES;
				IPHONEOS_DEPLOYMENT_TARGET = 16.4;
				MTL_ENABLE_DEBUG_INFO = NO;
				MTL_FAST_MATH = YES;
				SDKROOT = iphoneos;
				SWIFT_COMPILATION_MODE = wholemodule;
				SWIFT_OPTIMIZATION_LEVEL = "-O";
				VALIDATE_PRODUCT = YES;
			};
			name = Release;
		};
		E99285C02ABA291D0058C592 /* Debug */ = {
			isa = XCBuildConfiguration;
			buildSettings = {
				ASSETCATALOG_COMPILER_APPICON_NAME = AppIcon;
				ASSETCATALOG_COMPILER_GLOBAL_ACCENT_COLOR_NAME = AccentColor;
				CODE_SIGN_STYLE = Automatic;
				CURRENT_PROJECT_VERSION = 1;
				DEVELOPMENT_TEAM = 6VCXFM3Z9Z;
				GENERATE_INFOPLIST_FILE = YES;
				INFOPLIST_FILE = Counter/Info.plist;
				INFOPLIST_KEY_UIApplicationSupportsIndirectInputEvents = YES;
				INFOPLIST_KEY_UILaunchStoryboardName = LaunchScreen;
				INFOPLIST_KEY_UIMainStoryboardFile = Main;
				INFOPLIST_KEY_UISupportedInterfaceOrientations_iPad = "UIInterfaceOrientationPortrait UIInterfaceOrientationPortraitUpsideDown UIInterfaceOrientationLandscapeLeft UIInterfaceOrientationLandscapeRight";
				INFOPLIST_KEY_UISupportedInterfaceOrientations_iPhone = "UIInterfaceOrientationPortrait UIInterfaceOrientationLandscapeLeft UIInterfaceOrientationLandscapeRight";
				LD_RUNPATH_SEARCH_PATHS = (
					"$(inherited)",
					"@executable_path/Frameworks",
				);
				MARKETING_VERSION = 1.0;
				PRODUCT_BUNDLE_IDENTIFIER = com.pavelmdesign.Counter;
				PRODUCT_NAME = "$(TARGET_NAME)";
				SWIFT_EMIT_LOC_STRINGS = YES;
				SWIFT_VERSION = 5.0;
				TARGETED_DEVICE_FAMILY = "1,2";
			};
			name = Debug;
		};
		E99285C12ABA291D0058C592 /* Release */ = {
			isa = XCBuildConfiguration;
			buildSettings = {
				ASSETCATALOG_COMPILER_APPICON_NAME = AppIcon;
				ASSETCATALOG_COMPILER_GLOBAL_ACCENT_COLOR_NAME = AccentColor;
				CODE_SIGN_STYLE = Automatic;
				CURRENT_PROJECT_VERSION = 1;
				DEVELOPMENT_TEAM = 6VCXFM3Z9Z;
				GENERATE_INFOPLIST_FILE = YES;
				INFOPLIST_FILE = Counter/Info.plist;
				INFOPLIST_KEY_UIApplicationSupportsIndirectInputEvents = YES;
				INFOPLIST_KEY_UILaunchStoryboardName = LaunchScreen;
				INFOPLIST_KEY_UIMainStoryboardFile = Main;
				INFOPLIST_KEY_UISupportedInterfaceOrientations_iPad = "UIInterfaceOrientationPortrait UIInterfaceOrientationPortraitUpsideDown UIInterfaceOrientationLandscapeLeft UIInterfaceOrientationLandscapeRight";
				INFOPLIST_KEY_UISupportedInterfaceOrientations_iPhone = "UIInterfaceOrientationPortrait UIInterfaceOrientationLandscapeLeft UIInterfaceOrientationLandscapeRight";
				LD_RUNPATH_SEARCH_PATHS = (
					"$(inherited)",
					"@executable_path/Frameworks",
				);
				MARKETING_VERSION = 1.0;
				PRODUCT_BUNDLE_IDENTIFIER = com.pavelmdesign.Counter;
				PRODUCT_NAME = "$(TARGET_NAME)";
				SWIFT_EMIT_LOC_STRINGS = YES;
				SWIFT_VERSION = 5.0;
				TARGETED_DEVICE_FAMILY = "1,2";
			};
			name = Release;
		};
		E99285C32ABA291D0058C592 /* Debug */ = {
			isa = XCBuildConfiguration;
			buildSettings = {
				ALWAYS_EMBED_SWIFT_STANDARD_LIBRARIES = YES;
				BUNDLE_LOADER = "$(TEST_HOST)";
				CODE_SIGN_STYLE = Automatic;
				CURRENT_PROJECT_VERSION = 1;
				DEVELOPMENT_TEAM = 6VCXFM3Z9Z;
				GENERATE_INFOPLIST_FILE = YES;
				IPHONEOS_DEPLOYMENT_TARGET = 16.4;
				MARKETING_VERSION = 1.0;
				PRODUCT_BUNDLE_IDENTIFIER = com.pavelmdesign.CounterTests;
				PRODUCT_NAME = "$(TARGET_NAME)";
				SWIFT_EMIT_LOC_STRINGS = NO;
				SWIFT_VERSION = 5.0;
				TARGETED_DEVICE_FAMILY = "1,2";
				TEST_HOST = "$(BUILT_PRODUCTS_DIR)/Counter.app/$(BUNDLE_EXECUTABLE_FOLDER_PATH)/Counter";
			};
			name = Debug;
		};
		E99285C42ABA291D0058C592 /* Release */ = {
			isa = XCBuildConfiguration;
			buildSettings = {
				ALWAYS_EMBED_SWIFT_STANDARD_LIBRARIES = YES;
				BUNDLE_LOADER = "$(TEST_HOST)";
				CODE_SIGN_STYLE = Automatic;
				CURRENT_PROJECT_VERSION = 1;
				DEVELOPMENT_TEAM = 6VCXFM3Z9Z;
				GENERATE_INFOPLIST_FILE = YES;
				IPHONEOS_DEPLOYMENT_TARGET = 16.4;
				MARKETING_VERSION = 1.0;
				PRODUCT_BUNDLE_IDENTIFIER = com.pavelmdesign.CounterTests;
				PRODUCT_NAME = "$(TARGET_NAME)";
				SWIFT_EMIT_LOC_STRINGS = NO;
				SWIFT_VERSION = 5.0;
				TARGETED_DEVICE_FAMILY = "1,2";
				TEST_HOST = "$(BUILT_PRODUCTS_DIR)/Counter.app/$(BUNDLE_EXECUTABLE_FOLDER_PATH)/Counter";
			};
			name = Release;
		};
		E99285C62ABA291D0058C592 /* Debug */ = {
			isa = XCBuildConfiguration;
			buildSettings = {
				ALWAYS_EMBED_SWIFT_STANDARD_LIBRARIES = YES;
				CODE_SIGN_STYLE = Automatic;
				CURRENT_PROJECT_VERSION = 1;
				DEVELOPMENT_TEAM = 6VCXFM3Z9Z;
				GENERATE_INFOPLIST_FILE = YES;
				MARKETING_VERSION = 1.0;
				PRODUCT_BUNDLE_IDENTIFIER = com.pavelmdesign.CounterUITests;
				PRODUCT_NAME = "$(TARGET_NAME)";
				SWIFT_EMIT_LOC_STRINGS = NO;
				SWIFT_VERSION = 5.0;
				TARGETED_DEVICE_FAMILY = "1,2";
				TEST_TARGET_NAME = Counter;
			};
			name = Debug;
		};
		E99285C72ABA291D0058C592 /* Release */ = {
			isa = XCBuildConfiguration;
			buildSettings = {
				ALWAYS_EMBED_SWIFT_STANDARD_LIBRARIES = YES;
				CODE_SIGN_STYLE = Automatic;
				CURRENT_PROJECT_VERSION = 1;
				DEVELOPMENT_TEAM = 6VCXFM3Z9Z;
				GENERATE_INFOPLIST_FILE = YES;
				MARKETING_VERSION = 1.0;
				PRODUCT_BUNDLE_IDENTIFIER = com.pavelmdesign.CounterUITests;
				PRODUCT_NAME = "$(TARGET_NAME)";
				SWIFT_EMIT_LOC_STRINGS = NO;
				SWIFT_VERSION = 5.0;
				TARGETED_DEVICE_FAMILY = "1,2";
				TEST_TARGET_NAME = Counter;
			};
			name = Release;
		};
/* End XCBuildConfiguration section */

/* Begin XCConfigurationList section */
		E99285902ABA291B0058C592 /* Build configuration list for PBXProject "Counter" */ = {
			isa = XCConfigurationList;
			buildConfigurations = (
				E99285BD2ABA291D0058C592 /* Debug */,
				E99285BE2ABA291D0058C592 /* Release */,
			);
			defaultConfigurationIsVisible = 0;
			defaultConfigurationName = Release;
		};
		E99285BF2ABA291D0058C592 /* Build configuration list for PBXNativeTarget "Counter" */ = {
			isa = XCConfigurationList;
			buildConfigurations = (
				E99285C02ABA291D0058C592 /* Debug */,
				E99285C12ABA291D0058C592 /* Release */,
			);
			defaultConfigurationIsVisible = 0;
			defaultConfigurationName = Release;
		};
		E99285C22ABA291D0058C592 /* Build configuration list for PBXNativeTarget "CounterTests" */ = {
			isa = XCConfigurationList;
			buildConfigurations = (
				E99285C32ABA291D0058C592 /* Debug */,
				E99285C42ABA291D0058C592 /* Release */,
			);
			defaultConfigurationIsVisible = 0;
			defaultConfigurationName = Release;
		};
		E99285C52ABA291D0058C592 /* Build configuration list for PBXNativeTarget "CounterUITests" */ = {
			isa = XCConfigurationList;
			buildConfigurations = (
				E99285C62ABA291D0058C592 /* Debug */,
				E99285C72ABA291D0058C592 /* Release */,
			);
			defaultConfigurationIsVisible = 0;
			defaultConfigurationName = Release;
		};
/* End XCConfigurationList section */
	};
	rootObject = E992858D2ABA291B0058C592 /* Project object */;
}
